// !$*UTF8*$!
{
	archiveVersion = 1;
	classes = {
	};
	objectVersion = 50;
	objects = {

/* Begin PBXBuildFile section */
		8174243D20D17C8300BC35F7 /* Assets.xcassets in Resources */ = {isa = PBXBuildFile; fileRef = 8174243C20D17C8300BC35F7 /* Assets.xcassets */; };
		8174244020D17C8300BC35F7 /* MainMenu.xib in Resources */ = {isa = PBXBuildFile; fileRef = 8174243E20D17C8300BC35F7 /* MainMenu.xib */; };
		8174245820D184D900BC35F7 /* liballegro_image.5.2.4.dylib in Frameworks */ = {isa = PBXBuildFile; fileRef = 8174244B20D184D900BC35F7 /* liballegro_image.5.2.4.dylib */; };
		8174245920D184D900BC35F7 /* liballegro_physfs.5.2.4.dylib in Frameworks */ = {isa = PBXBuildFile; fileRef = 8174244C20D184D900BC35F7 /* liballegro_physfs.5.2.4.dylib */; };
		8174245A20D184D900BC35F7 /* liballegro_video.5.2.4.dylib in Frameworks */ = {isa = PBXBuildFile; fileRef = 8174244D20D184D900BC35F7 /* liballegro_video.5.2.4.dylib */; };
		8174245B20D184D900BC35F7 /* liballegro_audio.5.2.4.dylib in Frameworks */ = {isa = PBXBuildFile; fileRef = 8174244E20D184D900BC35F7 /* liballegro_audio.5.2.4.dylib */; };
		8174245C20D184D900BC35F7 /* liballegro_ttf.5.2.4.dylib in Frameworks */ = {isa = PBXBuildFile; fileRef = 8174244F20D184D900BC35F7 /* liballegro_ttf.5.2.4.dylib */; };
		8174245D20D184D900BC35F7 /* liballegro_primitives.5.2.4.dylib in Frameworks */ = {isa = PBXBuildFile; fileRef = 8174245020D184D900BC35F7 /* liballegro_primitives.5.2.4.dylib */; };
		8174245E20D184D900BC35F7 /* liballegro_memfile.5.2.4.dylib in Frameworks */ = {isa = PBXBuildFile; fileRef = 8174245120D184D900BC35F7 /* liballegro_memfile.5.2.4.dylib */; };
		8174245F20D184D900BC35F7 /* liballegro_font.5.2.4.dylib in Frameworks */ = {isa = PBXBuildFile; fileRef = 8174245220D184D900BC35F7 /* liballegro_font.5.2.4.dylib */; };
		8174246020D184D900BC35F7 /* liballegro_dialog.5.2.4.dylib in Frameworks */ = {isa = PBXBuildFile; fileRef = 8174245320D184D900BC35F7 /* liballegro_dialog.5.2.4.dylib */; };
		8174246120D184D900BC35F7 /* liballegro_acodec.5.2.4.dylib in Frameworks */ = {isa = PBXBuildFile; fileRef = 8174245420D184D900BC35F7 /* liballegro_acodec.5.2.4.dylib */; };
		8174246220D184D900BC35F7 /* liballegro_main.5.2.4.dylib in Frameworks */ = {isa = PBXBuildFile; fileRef = 8174245520D184D900BC35F7 /* liballegro_main.5.2.4.dylib */; };
		8174246320D184D900BC35F7 /* liballegro_color.5.2.4.dylib in Frameworks */ = {isa = PBXBuildFile; fileRef = 8174245620D184D900BC35F7 /* liballegro_color.5.2.4.dylib */; };
		8174246420D184D900BC35F7 /* liballegro.5.2.4.dylib in Frameworks */ = {isa = PBXBuildFile; fileRef = 8174245720D184D900BC35F7 /* liballegro.5.2.4.dylib */; };
		8174247320D1850A00BC35F7 /* liballegro_image.5.2.4.dylib in CopyFiles */ = {isa = PBXBuildFile; fileRef = 8174246620D1850A00BC35F7 /* liballegro_image.5.2.4.dylib */; settings = {ATTRIBUTES = (CodeSignOnCopy, ); }; };
		8174247420D1850A00BC35F7 /* liballegro_physfs.5.2.4.dylib in CopyFiles */ = {isa = PBXBuildFile; fileRef = 8174246720D1850A00BC35F7 /* liballegro_physfs.5.2.4.dylib */; settings = {ATTRIBUTES = (CodeSignOnCopy, ); }; };
		8174247520D1850A00BC35F7 /* liballegro_video.5.2.4.dylib in CopyFiles */ = {isa = PBXBuildFile; fileRef = 8174246820D1850A00BC35F7 /* liballegro_video.5.2.4.dylib */; settings = {ATTRIBUTES = (CodeSignOnCopy, ); }; };
		8174247620D1850A00BC35F7 /* liballegro_audio.5.2.4.dylib in CopyFiles */ = {isa = PBXBuildFile; fileRef = 8174246920D1850A00BC35F7 /* liballegro_audio.5.2.4.dylib */; settings = {ATTRIBUTES = (CodeSignOnCopy, ); }; };
		8174247720D1850A00BC35F7 /* liballegro_ttf.5.2.4.dylib in CopyFiles */ = {isa = PBXBuildFile; fileRef = 8174246A20D1850A00BC35F7 /* liballegro_ttf.5.2.4.dylib */; settings = {ATTRIBUTES = (CodeSignOnCopy, ); }; };
		8174247820D1850A00BC35F7 /* liballegro_primitives.5.2.4.dylib in CopyFiles */ = {isa = PBXBuildFile; fileRef = 8174246B20D1850A00BC35F7 /* liballegro_primitives.5.2.4.dylib */; settings = {ATTRIBUTES = (CodeSignOnCopy, ); }; };
		8174247920D1850A00BC35F7 /* liballegro_memfile.5.2.4.dylib in CopyFiles */ = {isa = PBXBuildFile; fileRef = 8174246C20D1850A00BC35F7 /* liballegro_memfile.5.2.4.dylib */; settings = {ATTRIBUTES = (CodeSignOnCopy, ); }; };
		8174247A20D1850A00BC35F7 /* liballegro_font.5.2.4.dylib in CopyFiles */ = {isa = PBXBuildFile; fileRef = 8174246D20D1850A00BC35F7 /* liballegro_font.5.2.4.dylib */; settings = {ATTRIBUTES = (CodeSignOnCopy, ); }; };
		8174247B20D1850A00BC35F7 /* liballegro_dialog.5.2.4.dylib in CopyFiles */ = {isa = PBXBuildFile; fileRef = 8174246E20D1850A00BC35F7 /* liballegro_dialog.5.2.4.dylib */; settings = {ATTRIBUTES = (CodeSignOnCopy, ); }; };
		8174247C20D1850A00BC35F7 /* liballegro_acodec.5.2.4.dylib in CopyFiles */ = {isa = PBXBuildFile; fileRef = 8174246F20D1850A00BC35F7 /* liballegro_acodec.5.2.4.dylib */; settings = {ATTRIBUTES = (CodeSignOnCopy, ); }; };
		8174247D20D1850A00BC35F7 /* liballegro_main.5.2.4.dylib in CopyFiles */ = {isa = PBXBuildFile; fileRef = 8174247020D1850A00BC35F7 /* liballegro_main.5.2.4.dylib */; settings = {ATTRIBUTES = (CodeSignOnCopy, ); }; };
		8174247E20D1850A00BC35F7 /* liballegro_color.5.2.4.dylib in CopyFiles */ = {isa = PBXBuildFile; fileRef = 8174247120D1850A00BC35F7 /* liballegro_color.5.2.4.dylib */; settings = {ATTRIBUTES = (CodeSignOnCopy, ); }; };
		8174247F20D1850A00BC35F7 /* liballegro.5.2.4.dylib in CopyFiles */ = {isa = PBXBuildFile; fileRef = 8174247220D1850A00BC35F7 /* liballegro.5.2.4.dylib */; settings = {ATTRIBUTES = (CodeSignOnCopy, ); }; };
/* End PBXBuildFile section */

/* Begin PBXCopyFilesBuildPhase section */
		8174246520D184EA00BC35F7 /* CopyFiles */ = {
			isa = PBXCopyFilesBuildPhase;
			buildActionMask = 2147483647;
			dstPath = "";
			dstSubfolderSpec = 7;
			files = (
				8174247320D1850A00BC35F7 /* liballegro_image.5.2.4.dylib in CopyFiles */,
				8174247420D1850A00BC35F7 /* liballegro_physfs.5.2.4.dylib in CopyFiles */,
				8174247520D1850A00BC35F7 /* liballegro_video.5.2.4.dylib in CopyFiles */,
				8174247620D1850A00BC35F7 /* liballegro_audio.5.2.4.dylib in CopyFiles */,
				8174247720D1850A00BC35F7 /* liballegro_ttf.5.2.4.dylib in CopyFiles */,
				8174247820D1850A00BC35F7 /* liballegro_primitives.5.2.4.dylib in CopyFiles */,
				8174247920D1850A00BC35F7 /* liballegro_memfile.5.2.4.dylib in CopyFiles */,
				8174247A20D1850A00BC35F7 /* liballegro_font.5.2.4.dylib in CopyFiles */,
				8174247B20D1850A00BC35F7 /* liballegro_dialog.5.2.4.dylib in CopyFiles */,
				8174247C20D1850A00BC35F7 /* liballegro_acodec.5.2.4.dylib in CopyFiles */,
				8174247D20D1850A00BC35F7 /* liballegro_main.5.2.4.dylib in CopyFiles */,
				8174247E20D1850A00BC35F7 /* liballegro_color.5.2.4.dylib in CopyFiles */,
				8174247F20D1850A00BC35F7 /* liballegro.5.2.4.dylib in CopyFiles */,
			);
			runOnlyForDeploymentPostprocessing = 0;
		};
/* End PBXCopyFilesBuildPhase section */

/* Begin PBXFileReference section */
		8174243620D17C8100BC35F7 /* final_project.app */ = {isa = PBXFileReference; explicitFileType = wrapper.application; includeInIndex = 0; path = final_project.app; sourceTree = BUILT_PRODUCTS_DIR; };
		8174243C20D17C8300BC35F7 /* Assets.xcassets */ = {isa = PBXFileReference; lastKnownFileType = folder.assetcatalog; path = Assets.xcassets; sourceTree = "<group>"; };
		8174243F20D17C8300BC35F7 /* Base */ = {isa = PBXFileReference; lastKnownFileType = file.xib; name = Base; path = Base.lproj/MainMenu.xib; sourceTree = "<group>"; };
		8174244120D17C8300BC35F7 /* Info.plist */ = {isa = PBXFileReference; lastKnownFileType = text.plist.xml; path = Info.plist; sourceTree = "<group>"; };
		8174244420D17C8300BC35F7 /* final_project.entitlements */ = {isa = PBXFileReference; lastKnownFileType = text.plist.entitlements; path = final_project.entitlements; sourceTree = "<group>"; };
		8174244B20D184D900BC35F7 /* liballegro_image.5.2.4.dylib */ = {isa = PBXFileReference; lastKnownFileType = "compiled.mach-o.dylib"; name = liballegro_image.5.2.4.dylib; path = ../../../../usr/local/Cellar/allegro/5.2.4.0/lib/liballegro_image.5.2.4.dylib; sourceTree = "<group>"; };
		8174244C20D184D900BC35F7 /* liballegro_physfs.5.2.4.dylib */ = {isa = PBXFileReference; lastKnownFileType = "compiled.mach-o.dylib"; name = liballegro_physfs.5.2.4.dylib; path = ../../../../usr/local/Cellar/allegro/5.2.4.0/lib/liballegro_physfs.5.2.4.dylib; sourceTree = "<group>"; };
		8174244D20D184D900BC35F7 /* liballegro_video.5.2.4.dylib */ = {isa = PBXFileReference; lastKnownFileType = "compiled.mach-o.dylib"; name = liballegro_video.5.2.4.dylib; path = ../../../../usr/local/Cellar/allegro/5.2.4.0/lib/liballegro_video.5.2.4.dylib; sourceTree = "<group>"; };
		8174244E20D184D900BC35F7 /* liballegro_audio.5.2.4.dylib */ = {isa = PBXFileReference; lastKnownFileType = "compiled.mach-o.dylib"; name = liballegro_audio.5.2.4.dylib; path = ../../../../usr/local/Cellar/allegro/5.2.4.0/lib/liballegro_audio.5.2.4.dylib; sourceTree = "<group>"; };
		8174244F20D184D900BC35F7 /* liballegro_ttf.5.2.4.dylib */ = {isa = PBXFileReference; lastKnownFileType = "compiled.mach-o.dylib"; name = liballegro_ttf.5.2.4.dylib; path = ../../../../usr/local/Cellar/allegro/5.2.4.0/lib/liballegro_ttf.5.2.4.dylib; sourceTree = "<group>"; };
		8174245020D184D900BC35F7 /* liballegro_primitives.5.2.4.dylib */ = {isa = PBXFileReference; lastKnownFileType = "compiled.mach-o.dylib"; name = liballegro_primitives.5.2.4.dylib; path = ../../../../usr/local/Cellar/allegro/5.2.4.0/lib/liballegro_primitives.5.2.4.dylib; sourceTree = "<group>"; };
		8174245120D184D900BC35F7 /* liballegro_memfile.5.2.4.dylib */ = {isa = PBXFileReference; lastKnownFileType = "compiled.mach-o.dylib"; name = liballegro_memfile.5.2.4.dylib; path = ../../../../usr/local/Cellar/allegro/5.2.4.0/lib/liballegro_memfile.5.2.4.dylib; sourceTree = "<group>"; };
		8174245220D184D900BC35F7 /* liballegro_font.5.2.4.dylib */ = {isa = PBXFileReference; lastKnownFileType = "compiled.mach-o.dylib"; name = liballegro_font.5.2.4.dylib; path = ../../../../usr/local/Cellar/allegro/5.2.4.0/lib/liballegro_font.5.2.4.dylib; sourceTree = "<group>"; };
		8174245320D184D900BC35F7 /* liballegro_dialog.5.2.4.dylib */ = {isa = PBXFileReference; lastKnownFileType = "compiled.mach-o.dylib"; name = liballegro_dialog.5.2.4.dylib; path = ../../../../usr/local/Cellar/allegro/5.2.4.0/lib/liballegro_dialog.5.2.4.dylib; sourceTree = "<group>"; };
		8174245420D184D900BC35F7 /* liballegro_acodec.5.2.4.dylib */ = {isa = PBXFileReference; lastKnownFileType = "compiled.mach-o.dylib"; name = liballegro_acodec.5.2.4.dylib; path = ../../../../usr/local/Cellar/allegro/5.2.4.0/lib/liballegro_acodec.5.2.4.dylib; sourceTree = "<group>"; };
		8174245520D184D900BC35F7 /* liballegro_main.5.2.4.dylib */ = {isa = PBXFileReference; lastKnownFileType = "compiled.mach-o.dylib"; name = liballegro_main.5.2.4.dylib; path = ../../../../usr/local/Cellar/allegro/5.2.4.0/lib/liballegro_main.5.2.4.dylib; sourceTree = "<group>"; };
		8174245620D184D900BC35F7 /* liballegro_color.5.2.4.dylib */ = {isa = PBXFileReference; lastKnownFileType = "compiled.mach-o.dylib"; name = liballegro_color.5.2.4.dylib; path = ../../../../usr/local/Cellar/allegro/5.2.4.0/lib/liballegro_color.5.2.4.dylib; sourceTree = "<group>"; };
		8174245720D184D900BC35F7 /* liballegro.5.2.4.dylib */ = {isa = PBXFileReference; lastKnownFileType = "compiled.mach-o.dylib"; name = liballegro.5.2.4.dylib; path = ../../../../usr/local/Cellar/allegro/5.2.4.0/lib/liballegro.5.2.4.dylib; sourceTree = "<group>"; };
		8174246620D1850A00BC35F7 /* liballegro_image.5.2.4.dylib */ = {isa = PBXFileReference; lastKnownFileType = "compiled.mach-o.dylib"; name = liballegro_image.5.2.4.dylib; path = ../../../../usr/local/Cellar/allegro/5.2.4.0/lib/liballegro_image.5.2.4.dylib; sourceTree = "<group>"; };
		8174246720D1850A00BC35F7 /* liballegro_physfs.5.2.4.dylib */ = {isa = PBXFileReference; lastKnownFileType = "compiled.mach-o.dylib"; name = liballegro_physfs.5.2.4.dylib; path = ../../../../usr/local/Cellar/allegro/5.2.4.0/lib/liballegro_physfs.5.2.4.dylib; sourceTree = "<group>"; };
		8174246820D1850A00BC35F7 /* liballegro_video.5.2.4.dylib */ = {isa = PBXFileReference; lastKnownFileType = "compiled.mach-o.dylib"; name = liballegro_video.5.2.4.dylib; path = ../../../../usr/local/Cellar/allegro/5.2.4.0/lib/liballegro_video.5.2.4.dylib; sourceTree = "<group>"; };
		8174246920D1850A00BC35F7 /* liballegro_audio.5.2.4.dylib */ = {isa = PBXFileReference; lastKnownFileType = "compiled.mach-o.dylib"; name = liballegro_audio.5.2.4.dylib; path = ../../../../usr/local/Cellar/allegro/5.2.4.0/lib/liballegro_audio.5.2.4.dylib; sourceTree = "<group>"; };
		8174246A20D1850A00BC35F7 /* liballegro_ttf.5.2.4.dylib */ = {isa = PBXFileReference; lastKnownFileType = "compiled.mach-o.dylib"; name = liballegro_ttf.5.2.4.dylib; path = ../../../../usr/local/Cellar/allegro/5.2.4.0/lib/liballegro_ttf.5.2.4.dylib; sourceTree = "<group>"; };
		8174246B20D1850A00BC35F7 /* liballegro_primitives.5.2.4.dylib */ = {isa = PBXFileReference; lastKnownFileType = "compiled.mach-o.dylib"; name = liballegro_primitives.5.2.4.dylib; path = ../../../../usr/local/Cellar/allegro/5.2.4.0/lib/liballegro_primitives.5.2.4.dylib; sourceTree = "<group>"; };
		8174246C20D1850A00BC35F7 /* liballegro_memfile.5.2.4.dylib */ = {isa = PBXFileReference; lastKnownFileType = "compiled.mach-o.dylib"; name = liballegro_memfile.5.2.4.dylib; path = ../../../../usr/local/Cellar/allegro/5.2.4.0/lib/liballegro_memfile.5.2.4.dylib; sourceTree = "<group>"; };
		8174246D20D1850A00BC35F7 /* liballegro_font.5.2.4.dylib */ = {isa = PBXFileReference; lastKnownFileType = "compiled.mach-o.dylib"; name = liballegro_font.5.2.4.dylib; path = ../../../../usr/local/Cellar/allegro/5.2.4.0/lib/liballegro_font.5.2.4.dylib; sourceTree = "<group>"; };
		8174246E20D1850A00BC35F7 /* liballegro_dialog.5.2.4.dylib */ = {isa = PBXFileReference; lastKnownFileType = "compiled.mach-o.dylib"; name = liballegro_dialog.5.2.4.dylib; path = ../../../../usr/local/Cellar/allegro/5.2.4.0/lib/liballegro_dialog.5.2.4.dylib; sourceTree = "<group>"; };
		8174246F20D1850A00BC35F7 /* liballegro_acodec.5.2.4.dylib */ = {isa = PBXFileReference; lastKnownFileType = "compiled.mach-o.dylib"; name = liballegro_acodec.5.2.4.dylib; path = ../../../../usr/local/Cellar/allegro/5.2.4.0/lib/liballegro_acodec.5.2.4.dylib; sourceTree = "<group>"; };
		8174247020D1850A00BC35F7 /* liballegro_main.5.2.4.dylib */ = {isa = PBXFileReference; lastKnownFileType = "compiled.mach-o.dylib"; name = liballegro_main.5.2.4.dylib; path = ../../../../usr/local/Cellar/allegro/5.2.4.0/lib/liballegro_main.5.2.4.dylib; sourceTree = "<group>"; };
		8174247120D1850A00BC35F7 /* liballegro_color.5.2.4.dylib */ = {isa = PBXFileReference; lastKnownFileType = "compiled.mach-o.dylib"; name = liballegro_color.5.2.4.dylib; path = ../../../../usr/local/Cellar/allegro/5.2.4.0/lib/liballegro_color.5.2.4.dylib; sourceTree = "<group>"; };
		8174247220D1850A00BC35F7 /* liballegro.5.2.4.dylib */ = {isa = PBXFileReference; lastKnownFileType = "compiled.mach-o.dylib"; name = liballegro.5.2.4.dylib; path = ../../../../usr/local/Cellar/allegro/5.2.4.0/lib/liballegro.5.2.4.dylib; sourceTree = "<group>"; };
/* End PBXFileReference section */

/* Begin PBXFrameworksBuildPhase section */
		8174243320D17C8100BC35F7 /* Frameworks */ = {
			isa = PBXFrameworksBuildPhase;
			buildActionMask = 2147483647;
			files = (
				8174245820D184D900BC35F7 /* liballegro_image.5.2.4.dylib in Frameworks */,
				8174245920D184D900BC35F7 /* liballegro_physfs.5.2.4.dylib in Frameworks */,
				8174245A20D184D900BC35F7 /* liballegro_video.5.2.4.dylib in Frameworks */,
				8174245B20D184D900BC35F7 /* liballegro_audio.5.2.4.dylib in Frameworks */,
				8174245C20D184D900BC35F7 /* liballegro_ttf.5.2.4.dylib in Frameworks */,
				8174245D20D184D900BC35F7 /* liballegro_primitives.5.2.4.dylib in Frameworks */,
				8174245E20D184D900BC35F7 /* liballegro_memfile.5.2.4.dylib in Frameworks */,
				8174245F20D184D900BC35F7 /* liballegro_font.5.2.4.dylib in Frameworks */,
				8174246020D184D900BC35F7 /* liballegro_dialog.5.2.4.dylib in Frameworks */,
				8174246120D184D900BC35F7 /* liballegro_acodec.5.2.4.dylib in Frameworks */,
				8174246220D184D900BC35F7 /* liballegro_main.5.2.4.dylib in Frameworks */,
				8174246320D184D900BC35F7 /* liballegro_color.5.2.4.dylib in Frameworks */,
				8174246420D184D900BC35F7 /* liballegro.5.2.4.dylib in Frameworks */,
			);
			runOnlyForDeploymentPostprocessing = 0;
		};
/* End PBXFrameworksBuildPhase section */

/* Begin PBXGroup section */
		8174242D20D17C8100BC35F7 = {
			isa = PBXGroup;
			children = (
				8174246F20D1850A00BC35F7 /* liballegro_acodec.5.2.4.dylib */,
				8174246920D1850A00BC35F7 /* liballegro_audio.5.2.4.dylib */,
				8174247120D1850A00BC35F7 /* liballegro_color.5.2.4.dylib */,
				8174246E20D1850A00BC35F7 /* liballegro_dialog.5.2.4.dylib */,
				8174246D20D1850A00BC35F7 /* liballegro_font.5.2.4.dylib */,
				8174246620D1850A00BC35F7 /* liballegro_image.5.2.4.dylib */,
				8174247020D1850A00BC35F7 /* liballegro_main.5.2.4.dylib */,
				8174246C20D1850A00BC35F7 /* liballegro_memfile.5.2.4.dylib */,
				8174246720D1850A00BC35F7 /* liballegro_physfs.5.2.4.dylib */,
				8174246B20D1850A00BC35F7 /* liballegro_primitives.5.2.4.dylib */,
				8174246A20D1850A00BC35F7 /* liballegro_ttf.5.2.4.dylib */,
				8174246820D1850A00BC35F7 /* liballegro_video.5.2.4.dylib */,
				8174247220D1850A00BC35F7 /* liballegro.5.2.4.dylib */,
				8174243820D17C8100BC35F7 /* final_project */,
				8174243720D17C8100BC35F7 /* Products */,
				8174244A20D184D900BC35F7 /* Frameworks */,
			);
			sourceTree = "<group>";
		};
		8174243720D17C8100BC35F7 /* Products */ = {
			isa = PBXGroup;
			children = (
				8174243620D17C8100BC35F7 /* final_project.app */,
			);
			name = Products;
			sourceTree = "<group>";
		};
		8174243820D17C8100BC35F7 /* final_project */ = {
			isa = PBXGroup;
			children = (
				8174243C20D17C8300BC35F7 /* Assets.xcassets */,
				8174243E20D17C8300BC35F7 /* MainMenu.xib */,
				8174244120D17C8300BC35F7 /* Info.plist */,
				8174244420D17C8300BC35F7 /* final_project.entitlements */,
			);
			path = final_project;
			sourceTree = "<group>";
		};
		8174244A20D184D900BC35F7 /* Frameworks */ = {
			isa = PBXGroup;
			children = (
				8174245420D184D900BC35F7 /* liballegro_acodec.5.2.4.dylib */,
				8174244E20D184D900BC35F7 /* liballegro_audio.5.2.4.dylib */,
				8174245620D184D900BC35F7 /* liballegro_color.5.2.4.dylib */,
				8174245320D184D900BC35F7 /* liballegro_dialog.5.2.4.dylib */,
				8174245220D184D900BC35F7 /* liballegro_font.5.2.4.dylib */,
				8174244B20D184D900BC35F7 /* liballegro_image.5.2.4.dylib */,
				8174245520D184D900BC35F7 /* liballegro_main.5.2.4.dylib */,
				8174245120D184D900BC35F7 /* liballegro_memfile.5.2.4.dylib */,
				8174244C20D184D900BC35F7 /* liballegro_physfs.5.2.4.dylib */,
				8174245020D184D900BC35F7 /* liballegro_primitives.5.2.4.dylib */,
				8174244F20D184D900BC35F7 /* liballegro_ttf.5.2.4.dylib */,
				8174244D20D184D900BC35F7 /* liballegro_video.5.2.4.dylib */,
				8174245720D184D900BC35F7 /* liballegro.5.2.4.dylib */,
			);
			name = Frameworks;
			sourceTree = "<group>";
		};
/* End PBXGroup section */

/* Begin PBXNativeTarget section */
		8174243520D17C8100BC35F7 /* final_project */ = {
			isa = PBXNativeTarget;
			buildConfigurationList = 8174244720D17C8300BC35F7 /* Build configuration list for PBXNativeTarget "final_project" */;
			buildPhases = (
				8174243220D17C8100BC35F7 /* Sources */,
				8174243320D17C8100BC35F7 /* Frameworks */,
				8174243420D17C8100BC35F7 /* Resources */,
				8174246520D184EA00BC35F7 /* CopyFiles */,
			);
			buildRules = (
			);
			dependencies = (
			);
			name = final_project;
			productName = final_project;
			productReference = 8174243620D17C8100BC35F7 /* final_project.app */;
			productType = "com.apple.product-type.application";
		};
/* End PBXNativeTarget section */

/* Begin PBXProject section */
		8174242E20D17C8100BC35F7 /* Project object */ = {
			isa = PBXProject;
			attributes = {
				LastUpgradeCheck = 0940;
				ORGANIZATIONNAME = "Sonic Wang";
				TargetAttributes = {
					8174243520D17C8100BC35F7 = {
						CreatedOnToolsVersion = 9.4;
					};
				};
			};
			buildConfigurationList = 8174243120D17C8100BC35F7 /* Build configuration list for PBXProject "final_project" */;
			compatibilityVersion = "Xcode 9.3";
			developmentRegion = en;
			hasScannedForEncodings = 0;
			knownRegions = (
				en,
				Base,
			);
			mainGroup = 8174242D20D17C8100BC35F7;
			productRefGroup = 8174243720D17C8100BC35F7 /* Products */;
			projectDirPath = "";
			projectRoot = "";
			targets = (
				8174243520D17C8100BC35F7 /* final_project */,
			);
		};
/* End PBXProject section */

/* Begin PBXResourcesBuildPhase section */
		8174243420D17C8100BC35F7 /* Resources */ = {
			isa = PBXResourcesBuildPhase;
			buildActionMask = 2147483647;
			files = (
				8174243D20D17C8300BC35F7 /* Assets.xcassets in Resources */,
				8174244020D17C8300BC35F7 /* MainMenu.xib in Resources */,
			);
			runOnlyForDeploymentPostprocessing = 0;
		};
/* End PBXResourcesBuildPhase section */

/* Begin PBXSourcesBuildPhase section */
		8174243220D17C8100BC35F7 /* Sources */ = {
			isa = PBXSourcesBuildPhase;
			buildActionMask = 2147483647;
			files = (
			);
			runOnlyForDeploymentPostprocessing = 0;
		};
/* End PBXSourcesBuildPhase section */

/* Begin PBXVariantGroup section */
		8174243E20D17C8300BC35F7 /* MainMenu.xib */ = {
			isa = PBXVariantGroup;
			children = (
				8174243F20D17C8300BC35F7 /* Base */,
			);
			name = MainMenu.xib;
			sourceTree = "<group>";
		};
/* End PBXVariantGroup section */

/* Begin XCBuildConfiguration section */
		8174244520D17C8300BC35F7 /* Debug */ = {
			isa = XCBuildConfiguration;
			buildSettings = {
				ALWAYS_SEARCH_USER_PATHS = NO;
				CLANG_ANALYZER_NONNULL = YES;
				CLANG_ANALYZER_NUMBER_OBJECT_CONVERSION = YES_AGGRESSIVE;
				CLANG_CXX_LANGUAGE_STANDARD = "gnu++14";
				CLANG_CXX_LIBRARY = "libc++";
				CLANG_ENABLE_MODULES = YES;
				CLANG_ENABLE_OBJC_ARC = YES;
				CLANG_ENABLE_OBJC_WEAK = YES;
				CLANG_WARN_BLOCK_CAPTURE_AUTORELEASING = YES;
				CLANG_WARN_BOOL_CONVERSION = YES;
				CLANG_WARN_COMMA = YES;
				CLANG_WARN_CONSTANT_CONVERSION = YES;
				CLANG_WARN_DEPRECATED_OBJC_IMPLEMENTATIONS = YES;
				CLANG_WARN_DIRECT_OBJC_ISA_USAGE = YES_ERROR;
				CLANG_WARN_DOCUMENTATION_COMMENTS = YES;
				CLANG_WARN_EMPTY_BODY = YES;
				CLANG_WARN_ENUM_CONVERSION = YES;
				CLANG_WARN_INFINITE_RECURSION = YES;
				CLANG_WARN_INT_CONVERSION = YES;
				CLANG_WARN_NON_LITERAL_NULL_CONVERSION = YES;
				CLANG_WARN_OBJC_IMPLICIT_RETAIN_SELF = YES;
				CLANG_WARN_OBJC_LITERAL_CONVERSION = YES;
				CLANG_WARN_OBJC_ROOT_CLASS = YES_ERROR;
				CLANG_WARN_RANGE_LOOP_ANALYSIS = YES;
				CLANG_WARN_STRICT_PROTOTYPES = YES;
				CLANG_WARN_SUSPICIOUS_MOVE = YES;
				CLANG_WARN_UNGUARDED_AVAILABILITY = YES_AGGRESSIVE;
				CLANG_WARN_UNREACHABLE_CODE = YES;
				CLANG_WARN__DUPLICATE_METHOD_MATCH = YES;
				CODE_SIGN_IDENTITY = "-";
				COPY_PHASE_STRIP = NO;
				DEBUG_INFORMATION_FORMAT = dwarf;
				ENABLE_STRICT_OBJC_MSGSEND = YES;
				ENABLE_TESTABILITY = YES;
				GCC_C_LANGUAGE_STANDARD = gnu11;
				GCC_DYNAMIC_NO_PIC = NO;
				GCC_NO_COMMON_BLOCKS = YES;
				GCC_OPTIMIZATION_LEVEL = 0;
				GCC_PREPROCESSOR_DEFINITIONS = (
					"DEBUG=1",
					"$(inherited)",
				);
				GCC_WARN_64_TO_32_BIT_CONVERSION = YES;
				GCC_WARN_ABOUT_RETURN_TYPE = YES_ERROR;
				GCC_WARN_UNDECLARED_SELECTOR = YES;
				GCC_WARN_UNINITIALIZED_AUTOS = YES_AGGRESSIVE;
				GCC_WARN_UNUSED_FUNCTION = YES;
				GCC_WARN_UNUSED_VARIABLE = YES;
				MACOSX_DEPLOYMENT_TARGET = 10.13;
				MTL_ENABLE_DEBUG_INFO = YES;
				ONLY_ACTIVE_ARCH = YES;
				SDKROOT = macosx;
			};
			name = Debug;
		};
		8174244620D17C8300BC35F7 /* Release */ = {
			isa = XCBuildConfiguration;
			buildSettings = {
				ALWAYS_SEARCH_USER_PATHS = NO;
				CLANG_ANALYZER_NONNULL = YES;
				CLANG_ANALYZER_NUMBER_OBJECT_CONVERSION = YES_AGGRESSIVE;
				CLANG_CXX_LANGUAGE_STANDARD = "gnu++14";
				CLANG_CXX_LIBRARY = "libc++";
				CLANG_ENABLE_MODULES = YES;
				CLANG_ENABLE_OBJC_ARC = YES;
				CLANG_ENABLE_OBJC_WEAK = YES;
				CLANG_WARN_BLOCK_CAPTURE_AUTORELEASING = YES;
				CLANG_WARN_BOOL_CONVERSION = YES;
				CLANG_WARN_COMMA = YES;
				CLANG_WARN_CONSTANT_CONVERSION = YES;
				CLANG_WARN_DEPRECATED_OBJC_IMPLEMENTATIONS = YES;
				CLANG_WARN_DIRECT_OBJC_ISA_USAGE = YES_ERROR;
				CLANG_WARN_DOCUMENTATION_COMMENTS = YES;
				CLANG_WARN_EMPTY_BODY = YES;
				CLANG_WARN_ENUM_CONVERSION = YES;
				CLANG_WARN_INFINITE_RECURSION = YES;
				CLANG_WARN_INT_CONVERSION = YES;
				CLANG_WARN_NON_LITERAL_NULL_CONVERSION = YES;
				CLANG_WARN_OBJC_IMPLICIT_RETAIN_SELF = YES;
				CLANG_WARN_OBJC_LITERAL_CONVERSION = YES;
				CLANG_WARN_OBJC_ROOT_CLASS = YES_ERROR;
				CLANG_WARN_RANGE_LOOP_ANALYSIS = YES;
				CLANG_WARN_STRICT_PROTOTYPES = YES;
				CLANG_WARN_SUSPICIOUS_MOVE = YES;
				CLANG_WARN_UNGUARDED_AVAILABILITY = YES_AGGRESSIVE;
				CLANG_WARN_UNREACHABLE_CODE = YES;
				CLANG_WARN__DUPLICATE_METHOD_MATCH = YES;
				CODE_SIGN_IDENTITY = "-";
				COPY_PHASE_STRIP = NO;
				DEBUG_INFORMATION_FORMAT = "dwarf-with-dsym";
				ENABLE_NS_ASSERTIONS = NO;
				ENABLE_STRICT_OBJC_MSGSEND = YES;
				GCC_C_LANGUAGE_STANDARD = gnu11;
				GCC_NO_COMMON_BLOCKS = YES;
				GCC_WARN_64_TO_32_BIT_CONVERSION = YES;
				GCC_WARN_ABOUT_RETURN_TYPE = YES_ERROR;
				GCC_WARN_UNDECLARED_SELECTOR = YES;
				GCC_WARN_UNINITIALIZED_AUTOS = YES_AGGRESSIVE;
				GCC_WARN_UNUSED_FUNCTION = YES;
				GCC_WARN_UNUSED_VARIABLE = YES;
				MACOSX_DEPLOYMENT_TARGET = 10.13;
				MTL_ENABLE_DEBUG_INFO = NO;
				SDKROOT = macosx;
			};
			name = Release;
		};
		8174244820D17C8300BC35F7 /* Debug */ = {
			isa = XCBuildConfiguration;
			buildSettings = {
				ASSETCATALOG_COMPILER_APPICON_NAME = AppIcon;
				CLANG_CXX_LANGUAGE_STANDARD = "gnu++0x";
				CODE_SIGN_ENTITLEMENTS = final_project/final_project.entitlements;
				CODE_SIGN_STYLE = Automatic;
				COMBINE_HIDPI_IMAGES = YES;
				HEADER_SEARCH_PATHS = "/usr/local/include/**";
				INFOPLIST_FILE = final_project/Info.plist;
				LD_RUNPATH_SEARCH_PATHS = (
					"$(inherited)",
					"@executable_path/../Frameworks",
				);
				LIBRARY_SEARCH_PATHS = (
					"/usr/local/lib/**",
					/usr/local/Cellar/allegro/5.2.4.0/lib,
				);
				PRODUCT_BUNDLE_IDENTIFIER = "sw.final-project";
				PRODUCT_NAME = "$(TARGET_NAME)";
			};
			name = Debug;
		};
		8174244920D17C8300BC35F7 /* Release */ = {
			isa = XCBuildConfiguration;
			buildSettings = {
				ASSETCATALOG_COMPILER_APPICON_NAME = AppIcon;
				CLANG_CXX_LANGUAGE_STANDARD = "gnu++0x";
				CODE_SIGN_ENTITLEMENTS = final_project/final_project.entitlements;
				CODE_SIGN_STYLE = Automatic;
				COMBINE_HIDPI_IMAGES = YES;
				HEADER_SEARCH_PATHS = "/usr/local/include/**";
				INFOPLIST_FILE = final_project/Info.plist;
				LD_RUNPATH_SEARCH_PATHS = (
					"$(inherited)",
					"@executable_path/../Frameworks",
				);
				LIBRARY_SEARCH_PATHS = (
					"/usr/local/lib/**",
					/usr/local/Cellar/allegro/5.2.4.0/lib,
				);
				PRODUCT_BUNDLE_IDENTIFIER = "sw.final-project";
				PRODUCT_NAME = "$(TARGET_NAME)";
			};
			name = Release;
		};
/* End XCBuildConfiguration section */

/* Begin XCConfigurationList section */
		8174243120D17C8100BC35F7 /* Build configuration list for PBXProject "final_project" */ = {
			isa = XCConfigurationList;
			buildConfigurations = (
				8174244520D17C8300BC35F7 /* Debug */,
				8174244620D17C8300BC35F7 /* Release */,
			);
			defaultConfigurationIsVisible = 0;
			defaultConfigurationName = Release;
		};
		8174244720D17C8300BC35F7 /* Build configuration list for PBXNativeTarget "final_project" */ = {
			isa = XCConfigurationList;
			buildConfigurations = (
				8174244820D17C8300BC35F7 /* Debug */,
				8174244920D17C8300BC35F7 /* Release */,
			);
			defaultConfigurationIsVisible = 0;
			defaultConfigurationName = Release;
		};
/* End XCConfigurationList section */
	};
	rootObject = 8174242E20D17C8100BC35F7 /* Project object */;
}
